
Microsoft Visual Studio Solution File, Format Version 12.00
# Visual Studio Version 16
VisualStudioVersion = 16.0.29728.190
MinimumVisualStudioVersion = 10.0.40219.1
Project("{FAE04EC0-301F-11D3-BF4B-00C04F79EFBC}") = "EFDemoWeb", "EFDemoWeb\EFDemoWeb.csproj", "{CB016C06-3D9D-48AB-AF44-F2746287C350}"
EndProject
Project("{FAE04EC0-301F-11D3-BF4B-00C04F79EFBC}") = "EFDataAccessLibrary", "EFDataAccessLibrary\EFDataAccessLibrary.csproj", "{44B59322-A29C-4592-A090-EB197110009E}"
EndProject
Global
	GlobalSection(SolutionConfigurationPlatforms) = preSolution
		Debug|Any CPU = Debug|Any CPU
		Release|Any CPU = Release|Any CPU
	EndGlobalSection
	GlobalSection(ProjectConfigurationPlatforms) = postSolution
		{CB016C06-3D9D-48AB-AF44-F2746287C350}.Debug|Any CPU.ActiveCfg = Debug|Any CPU
		{CB016C06-3D9D-48AB-AF44-F2746287C350}.Debug|Any CPU.Build.0 = Debug|Any CPU
		{CB016C06-3D9D-48AB-AF44-F2746287C350}.Release|Any CPU.ActiveCfg = Release|Any CPU
		{CB016C06-3D9D-48AB-AF44-F2746287C350}.Release|Any CPU.Build.0 = Release|Any CPU
		{44B59322-A29C-4592-A090-EB197110009E}.Debug|Any CPU.ActiveCfg = Debug|Any CPU
		{44B59322-A29C-4592-A090-EB197110009E}.Debug|Any CPU.Build.0 = Debug|Any CPU
		{44B59322-A29C-4592-A090-EB197110009E}.Release|Any CPU.ActiveCfg = Release|Any CPU
		{44B59322-A29C-4592-A090-EB197110009E}.Release|Any CPU.Build.0 = Release|Any CPU
	EndGlobalSection
	GlobalSection(SolutionProperties) = preSolution
		HideSolutionNode = FALSE
	EndGlobalSection
	GlobalSection(ExtensibilityGlobals) = postSolution
		SolutionGuid = {143D1D5B-2D3B-48A3-9BC6-8BA715FAC456}
	EndGlobalSection
EndGlobal
